// !$*UTF8*$!
{
	archiveVersion = 1;
	classes = {
	};
	objectVersion = 50;
	objects = {

/* Begin PBXBuildFile section */
		05DF81FE268D9B1F007511AC /* AppDelegate.swift in Sources */ = {isa = PBXBuildFile; fileRef = 05DF81FD268D9B1F007511AC /* AppDelegate.swift */; };
		05DF8200268D9B1F007511AC /* SceneDelegate.swift in Sources */ = {isa = PBXBuildFile; fileRef = 05DF81FF268D9B1F007511AC /* SceneDelegate.swift */; };
		05DF8202268D9B1F007511AC /* ViewController.swift in Sources */ = {isa = PBXBuildFile; fileRef = 05DF8201268D9B1F007511AC /* ViewController.swift */; };
		05DF8205268D9B1F007511AC /* Main.storyboard in Resources */ = {isa = PBXBuildFile; fileRef = 05DF8203268D9B1F007511AC /* Main.storyboard */; };
		05DF8207268D9B20007511AC /* Assets.xcassets in Resources */ = {isa = PBXBuildFile; fileRef = 05DF8206268D9B20007511AC /* Assets.xcassets */; };
		05DF820A268D9B20007511AC /* LaunchScreen.storyboard in Resources */ = {isa = PBXBuildFile; fileRef = 05DF8208268D9B20007511AC /* LaunchScreen.storyboard */; };
		05DF8215268D9B20007511AC /* Egg_TimerTests.swift in Sources */ = {isa = PBXBuildFile; fileRef = 05DF8214268D9B20007511AC /* Egg_TimerTests.swift */; };
		05DF8220268D9B20007511AC /* Egg_TimerUITests.swift in Sources */ = {isa = PBXBuildFile; fileRef = 05DF821F268D9B20007511AC /* Egg_TimerUITests.swift */; };
/* End PBXBuildFile section */

/* Begin PBXContainerItemProxy section */
		05DF8211268D9B20007511AC /* PBXContainerItemProxy */ = {
			isa = PBXContainerItemProxy;
			containerPortal = 05DF81F2268D9B1F007511AC /* Project object */;
			proxyType = 1;
			remoteGlobalIDString = 05DF81F9268D9B1F007511AC;
			remoteInfo = "Egg Timer";
		};
		05DF821C268D9B20007511AC /* PBXContainerItemProxy */ = {
			isa = PBXContainerItemProxy;
			containerPortal = 05DF81F2268D9B1F007511AC /* Project object */;
			proxyType = 1;
			remoteGlobalIDString = 05DF81F9268D9B1F007511AC;
			remoteInfo = "Egg Timer";
		};
/* End PBXContainerItemProxy section */

/* Begin PBXFileReference section */
		05DF81FA268D9B1F007511AC /* Egg Timer.app */ = {isa = PBXFileReference; explicitFileType = wrapper.application; includeInIndex = 0; path = "Egg Timer.app"; sourceTree = BUILT_PRODUCTS_DIR; };
		05DF81FD268D9B1F007511AC /* AppDelegate.swift */ = {isa = PBXFileReference; lastKnownFileType = sourcecode.swift; path = AppDelegate.swift; sourceTree = "<group>"; };
		05DF81FF268D9B1F007511AC /* SceneDelegate.swift */ = {isa = PBXFileReference; lastKnownFileType = sourcecode.swift; path = SceneDelegate.swift; sourceTree = "<group>"; };
		05DF8201268D9B1F007511AC /* ViewController.swift */ = {isa = PBXFileReference; lastKnownFileType = sourcecode.swift; path = ViewController.swift; sourceTree = "<group>"; };
		05DF8204268D9B1F007511AC /* Base */ = {isa = PBXFileReference; lastKnownFileType = file.storyboard; name = Base; path = Base.lproj/Main.storyboard; sourceTree = "<group>"; };
		05DF8206268D9B20007511AC /* Assets.xcassets */ = {isa = PBXFileReference; lastKnownFileType = folder.assetcatalog; path = Assets.xcassets; sourceTree = "<group>"; };
		05DF8209268D9B20007511AC /* Base */ = {isa = PBXFileReference; lastKnownFileType = file.storyboard; name = Base; path = Base.lproj/LaunchScreen.storyboard; sourceTree = "<group>"; };
		05DF820B268D9B20007511AC /* Info.plist */ = {isa = PBXFileReference; lastKnownFileType = text.plist.xml; path = Info.plist; sourceTree = "<group>"; };
		05DF8210268D9B20007511AC /* Egg TimerTests.xctest */ = {isa = PBXFileReference; explicitFileType = wrapper.cfbundle; includeInIndex = 0; path = "Egg TimerTests.xctest"; sourceTree = BUILT_PRODUCTS_DIR; };
		05DF8214268D9B20007511AC /* Egg_TimerTests.swift */ = {isa = PBXFileReference; lastKnownFileType = sourcecode.swift; path = Egg_TimerTests.swift; sourceTree = "<group>"; };
		05DF8216268D9B20007511AC /* Info.plist */ = {isa = PBXFileReference; lastKnownFileType = text.plist.xml; path = Info.plist; sourceTree = "<group>"; };
		05DF821B268D9B20007511AC /* Egg TimerUITests.xctest */ = {isa = PBXFileReference; explicitFileType = wrapper.cfbundle; includeInIndex = 0; path = "Egg TimerUITests.xctest"; sourceTree = BUILT_PRODUCTS_DIR; };
		05DF821F268D9B20007511AC /* Egg_TimerUITests.swift */ = {isa = PBXFileReference; lastKnownFileType = sourcecode.swift; path = Egg_TimerUITests.swift; sourceTree = "<group>"; };
		05DF8221268D9B20007511AC /* Info.plist */ = {isa = PBXFileReference; lastKnownFileType = text.plist.xml; path = Info.plist; sourceTree = "<group>"; };
/* End PBXFileReference section */

/* Begin PBXFrameworksBuildPhase section */
		05DF81F7268D9B1F007511AC /* Frameworks */ = {
			isa = PBXFrameworksBuildPhase;
			buildActionMask = 2147483647;
			files = (
			);
			runOnlyForDeploymentPostprocessing = 0;
		};
		05DF820D268D9B20007511AC /* Frameworks */ = {
			isa = PBXFrameworksBuildPhase;
			buildActionMask = 2147483647;
			files = (
			);
			runOnlyForDeploymentPostprocessing = 0;
		};
		05DF8218268D9B20007511AC /* Frameworks */ = {
			isa = PBXFrameworksBuildPhase;
			buildActionMask = 2147483647;
			files = (
			);
			runOnlyForDeploymentPostprocessing = 0;
		};
/* End PBXFrameworksBuildPhase section */

/* Begin PBXGroup section */
		05DF81F1268D9B1F007511AC = {
			isa = PBXGroup;
			children = (
				05DF81FC268D9B1F007511AC /* Egg Timer */,
				05DF8213268D9B20007511AC /* Egg TimerTests */,
				05DF821E268D9B20007511AC /* Egg TimerUITests */,
				05DF81FB268D9B1F007511AC /* Products */,
			);
			sourceTree = "<group>";
		};
		05DF81FB268D9B1F007511AC /* Products */ = {
			isa = PBXGroup;
			children = (
				05DF81FA268D9B1F007511AC /* Egg Timer.app */,
				05DF8210268D9B20007511AC /* Egg TimerTests.xctest */,
				05DF821B268D9B20007511AC /* Egg TimerUITests.xctest */,
			);
			name = Products;
			sourceTree = "<group>";
		};
		05DF81FC268D9B1F007511AC /* Egg Timer */ = {
			isa = PBXGroup;
			children = (
				05DF81FD268D9B1F007511AC /* AppDelegate.swift */,
				05DF81FF268D9B1F007511AC /* SceneDelegate.swift */,
				05DF8201268D9B1F007511AC /* ViewController.swift */,
				05DF8203268D9B1F007511AC /* Main.storyboard */,
				05DF8206268D9B20007511AC /* Assets.xcassets */,
				05DF8208268D9B20007511AC /* LaunchScreen.storyboard */,
				05DF820B268D9B20007511AC /* Info.plist */,
			);
			path = "Egg Timer";
			sourceTree = "<group>";
		};
		05DF8213268D9B20007511AC /* Egg TimerTests */ = {
			isa = PBXGroup;
			children = (
				05DF8214268D9B20007511AC /* Egg_TimerTests.swift */,
				05DF8216268D9B20007511AC /* Info.plist */,
			);
			path = "Egg TimerTests";
			sourceTree = "<group>";
		};
		05DF821E268D9B20007511AC /* Egg TimerUITests */ = {
			isa = PBXGroup;
			children = (
				05DF821F268D9B20007511AC /* Egg_TimerUITests.swift */,
				05DF8221268D9B20007511AC /* Info.plist */,
			);
			path = "Egg TimerUITests";
			sourceTree = "<group>";
		};
/* End PBXGroup section */

/* Begin PBXNativeTarget section */
		05DF81F9268D9B1F007511AC /* Egg Timer */ = {
			isa = PBXNativeTarget;
			buildConfigurationList = 05DF8224268D9B20007511AC /* Build configuration list for PBXNativeTarget "Egg Timer" */;
			buildPhases = (
				05DF81F6268D9B1F007511AC /* Sources */,
				05DF81F7268D9B1F007511AC /* Frameworks */,
				05DF81F8268D9B1F007511AC /* Resources */,
			);
			buildRules = (
			);
			dependencies = (
			);
			name = "Egg Timer";
			productName = "Egg Timer";
			productReference = 05DF81FA268D9B1F007511AC /* Egg Timer.app */;
			productType = "com.apple.product-type.application";
		};
		05DF820F268D9B20007511AC /* Egg TimerTests */ = {
			isa = PBXNativeTarget;
			buildConfigurationList = 05DF8227268D9B20007511AC /* Build configuration list for PBXNativeTarget "Egg TimerTests" */;
			buildPhases = (
				05DF820C268D9B20007511AC /* Sources */,
				05DF820D268D9B20007511AC /* Frameworks */,
				05DF820E268D9B20007511AC /* Resources */,
			);
			buildRules = (
			);
			dependencies = (
				05DF8212268D9B20007511AC /* PBXTargetDependency */,
			);
			name = "Egg TimerTests";
			productName = "Egg TimerTests";
			productReference = 05DF8210268D9B20007511AC /* Egg TimerTests.xctest */;
			productType = "com.apple.product-type.bundle.unit-test";
		};
		05DF821A268D9B20007511AC /* Egg TimerUITests */ = {
			isa = PBXNativeTarget;
			buildConfigurationList = 05DF822A268D9B20007511AC /* Build configuration list for PBXNativeTarget "Egg TimerUITests" */;
			buildPhases = (
				05DF8217268D9B20007511AC /* Sources */,
				05DF8218268D9B20007511AC /* Frameworks */,
				05DF8219268D9B20007511AC /* Resources */,
			);
			buildRules = (
			);
			dependencies = (
				05DF821D268D9B20007511AC /* PBXTargetDependency */,
			);
			name = "Egg TimerUITests";
			productName = "Egg TimerUITests";
			productReference = 05DF821B268D9B20007511AC /* Egg TimerUITests.xctest */;
			productType = "com.apple.product-type.bundle.ui-testing";
		};
/* End PBXNativeTarget section */

/* Begin PBXProject section */
		05DF81F2268D9B1F007511AC /* Project object */ = {
			isa = PBXProject;
			attributes = {
				LastSwiftUpdateCheck = 1250;
				LastUpgradeCheck = 1250;
				TargetAttributes = {
					05DF81F9268D9B1F007511AC = {
						CreatedOnToolsVersion = 12.5.1;
					};
					05DF820F268D9B20007511AC = {
						CreatedOnToolsVersion = 12.5.1;
						TestTargetID = 05DF81F9268D9B1F007511AC;
					};
					05DF821A268D9B20007511AC = {
						CreatedOnToolsVersion = 12.5.1;
						TestTargetID = 05DF81F9268D9B1F007511AC;
					};
				};
			};
			buildConfigurationList = 05DF81F5268D9B1F007511AC /* Build configuration list for PBXProject "Egg Timer" */;
			compatibilityVersion = "Xcode 9.3";
			developmentRegion = en;
			hasScannedForEncodings = 0;
			knownRegions = (
				en,
				Base,
			);
			mainGroup = 05DF81F1268D9B1F007511AC;
			productRefGroup = 05DF81FB268D9B1F007511AC /* Products */;
			projectDirPath = "";
			projectRoot = "";
			targets = (
				05DF81F9268D9B1F007511AC /* Egg Timer */,
				05DF820F268D9B20007511AC /* Egg TimerTests */,
				05DF821A268D9B20007511AC /* Egg TimerUITests */,
			);
		};
/* End PBXProject section */

/* Begin PBXResourcesBuildPhase section */
		05DF81F8268D9B1F007511AC /* Resources */ = {
			isa = PBXResourcesBuildPhase;
			buildActionMask = 2147483647;
			files = (
				05DF820A268D9B20007511AC /* LaunchScreen.storyboard in Resources */,
				05DF8207268D9B20007511AC /* Assets.xcassets in Resources */,
				05DF8205268D9B1F007511AC /* Main.storyboard in Resources */,
			);
			runOnlyForDeploymentPostprocessing = 0;
		};
		05DF820E268D9B20007511AC /* Resources */ = {
			isa = PBXResourcesBuildPhase;
			buildActionMask = 2147483647;
			files = (
			);
			runOnlyForDeploymentPostprocessing = 0;
		};
		05DF8219268D9B20007511AC /* Resources */ = {
			isa = PBXResourcesBuildPhase;
			buildActionMask = 2147483647;
			files = (
			);
			runOnlyForDeploymentPostprocessing = 0;
		};
/* End PBXResourcesBuildPhase section */

/* Begin PBXSourcesBuildPhase section */
		05DF81F6268D9B1F007511AC /* Sources */ = {
			isa = PBXSourcesBuildPhase;
			buildActionMask = 2147483647;
			files = (
				05DF8202268D9B1F007511AC /* ViewController.swift in Sources */,
				05DF81FE268D9B1F007511AC /* AppDelegate.swift in Sources */,
				05DF8200268D9B1F007511AC /* SceneDelegate.swift in Sources */,
			);
			runOnlyForDeploymentPostprocessing = 0;
		};
		05DF820C268D9B20007511AC /* Sources */ = {
			isa = PBXSourcesBuildPhase;
			buildActionMask = 2147483647;
			files = (
				05DF8215268D9B20007511AC /* Egg_TimerTests.swift in Sources */,
			);
			runOnlyForDeploymentPostprocessing = 0;
		};
		05DF8217268D9B20007511AC /* Sources */ = {
			isa = PBXSourcesBuildPhase;
			buildActionMask = 2147483647;
			files = (
				05DF8220268D9B20007511AC /* Egg_TimerUITests.swift in Sources */,
			);
			runOnlyForDeploymentPostprocessing = 0;
		};
/* End PBXSourcesBuildPhase section */

/* Begin PBXTargetDependency section */
		05DF8212268D9B20007511AC /* PBXTargetDependency */ = {
			isa = PBXTargetDependency;
			target = 05DF81F9268D9B1F007511AC /* Egg Timer */;
			targetProxy = 05DF8211268D9B20007511AC /* PBXContainerItemProxy */;
		};
		05DF821D268D9B20007511AC /* PBXTargetDependency */ = {
			isa = PBXTargetDependency;
			target = 05DF81F9268D9B1F007511AC /* Egg Timer */;
			targetProxy = 05DF821C268D9B20007511AC /* PBXContainerItemProxy */;
		};
/* End PBXTargetDependency section */

/* Begin PBXVariantGroup section */
		05DF8203268D9B1F007511AC /* Main.storyboard */ = {
			isa = PBXVariantGroup;
			children = (
				05DF8204268D9B1F007511AC /* Base */,
			);
			name = Main.storyboard;
			sourceTree = "<group>";
		};
		05DF8208268D9B20007511AC /* LaunchScreen.storyboard */ = {
			isa = PBXVariantGroup;
			children = (
				05DF8209268D9B20007511AC /* Base */,
			);
			name = LaunchScreen.storyboard;
			sourceTree = "<group>";
		};
/* End PBXVariantGroup section */

/* Begin XCBuildConfiguration section */
		05DF8222268D9B20007511AC /* Debug */ = {
			isa = XCBuildConfiguration;
			buildSettings = {
				ALWAYS_SEARCH_USER_PATHS = NO;
				CLANG_ANALYZER_NONNULL = YES;
				CLANG_ANALYZER_NUMBER_OBJECT_CONVERSION = YES_AGGRESSIVE;
				CLANG_CXX_LANGUAGE_STANDARD = "gnu++14";
				CLANG_CXX_LIBRARY = "libc++";
				CLANG_ENABLE_MODULES = YES;
				CLANG_ENABLE_OBJC_ARC = YES;
				CLANG_ENABLE_OBJC_WEAK = YES;
				CLANG_WARN_BLOCK_CAPTURE_AUTORELEASING = YES;
				CLANG_WARN_BOOL_CONVERSION = YES;
				CLANG_WARN_COMMA = YES;
				CLANG_WARN_CONSTANT_CONVERSION = YES;
				CLANG_WARN_DEPRECATED_OBJC_IMPLEMENTATIONS = YES;
				CLANG_WARN_DIRECT_OBJC_ISA_USAGE = YES_ERROR;
				CLANG_WARN_DOCUMENTATION_COMMENTS = YES;
				CLANG_WARN_EMPTY_BODY = YES;
				CLANG_WARN_ENUM_CONVERSION = YES;
				CLANG_WARN_INFINITE_RECURSION = YES;
				CLANG_WARN_INT_CONVERSION = YES;
				CLANG_WARN_NON_LITERAL_NULL_CONVERSION = YES;
				CLANG_WARN_OBJC_IMPLICIT_RETAIN_SELF = YES;
				CLANG_WARN_OBJC_LITERAL_CONVERSION = YES;
				CLANG_WARN_OBJC_ROOT_CLASS = YES_ERROR;
				CLANG_WARN_QUOTED_INCLUDE_IN_FRAMEWORK_HEADER = YES;
				CLANG_WARN_RANGE_LOOP_ANALYSIS = YES;
				CLANG_WARN_STRICT_PROTOTYPES = YES;
				CLANG_WARN_SUSPICIOUS_MOVE = YES;
				CLANG_WARN_UNGUARDED_AVAILABILITY = YES_AGGRESSIVE;
				CLANG_WARN_UNREACHABLE_CODE = YES;
				CLANG_WARN__DUPLICATE_METHOD_MATCH = YES;
				COPY_PHASE_STRIP = NO;
				DEBUG_INFORMATION_FORMAT = dwarf;
				ENABLE_STRICT_OBJC_MSGSEND = YES;
				ENABLE_TESTABILITY = YES;
				GCC_C_LANGUAGE_STANDARD = gnu11;
				GCC_DYNAMIC_NO_PIC = NO;
				GCC_NO_COMMON_BLOCKS = YES;
				GCC_OPTIMIZATION_LEVEL = 0;
				GCC_PREPROCESSOR_DEFINITIONS = (
					"DEBUG=1",
					"$(inherited)",
				);
				GCC_WARN_64_TO_32_BIT_CONVERSION = YES;
				GCC_WARN_ABOUT_RETURN_TYPE = YES_ERROR;
				GCC_WARN_UNDECLARED_SELECTOR = YES;
				GCC_WARN_UNINITIALIZED_AUTOS = YES_AGGRESSIVE;
				GCC_WARN_UNUSED_FUNCTION = YES;
				GCC_WARN_UNUSED_VARIABLE = YES;
				IPHONEOS_DEPLOYMENT_TARGET = 14.5;
				MTL_ENABLE_DEBUG_INFO = INCLUDE_SOURCE;
				MTL_FAST_MATH = YES;
				ONLY_ACTIVE_ARCH = YES;
				SDKROOT = iphoneos;
				SWIFT_ACTIVE_COMPILATION_CONDITIONS = DEBUG;
				SWIFT_OPTIMIZATION_LEVEL = "-Onone";
			};
			name = Debug;
		};
		05DF8223268D9B20007511AC /* Release */ = {
			isa = XCBuildConfiguration;
			buildSettings = {
				ALWAYS_SEARCH_USER_PATHS = NO;
				CLANG_ANALYZER_NONNULL = YES;
				CLANG_ANALYZER_NUMBER_OBJECT_CONVERSION = YES_AGGRESSIVE;
				CLANG_CXX_LANGUAGE_STANDARD = "gnu++14";
				CLANG_CXX_LIBRARY = "libc++";
				CLANG_ENABLE_MODULES = YES;
				CLANG_ENABLE_OBJC_ARC = YES;
				CLANG_ENABLE_OBJC_WEAK = YES;
				CLANG_WARN_BLOCK_CAPTURE_AUTORELEASING = YES;
				CLANG_WARN_BOOL_CONVERSION = YES;
				CLANG_WARN_COMMA = YES;
				CLANG_WARN_CONSTANT_CONVERSION = YES;
				CLANG_WARN_DEPRECATED_OBJC_IMPLEMENTATIONS = YES;
				CLANG_WARN_DIRECT_OBJC_ISA_USAGE = YES_ERROR;
				CLANG_WARN_DOCUMENTATION_COMMENTS = YES;
				CLANG_WARN_EMPTY_BODY = YES;
				CLANG_WARN_ENUM_CONVERSION = YES;
				CLANG_WARN_INFINITE_RECURSION = YES;
				CLANG_WARN_INT_CONVERSION = YES;
				CLANG_WARN_NON_LITERAL_NULL_CONVERSION = YES;
				CLANG_WARN_OBJC_IMPLICIT_RETAIN_SELF = YES;
				CLANG_WARN_OBJC_LITERAL_CONVERSION = YES;
				CLANG_WARN_OBJC_ROOT_CLASS = YES_ERROR;
				CLANG_WARN_QUOTED_INCLUDE_IN_FRAMEWORK_HEADER = YES;
				CLANG_WARN_RANGE_LOOP_ANALYSIS = YES;
				CLANG_WARN_STRICT_PROTOTYPES = YES;
				CLANG_WARN_SUSPICIOUS_MOVE = YES;
				CLANG_WARN_UNGUARDED_AVAILABILITY = YES_AGGRESSIVE;
				CLANG_WARN_UNREACHABLE_CODE = YES;
				CLANG_WARN__DUPLICATE_METHOD_MATCH = YES;
				COPY_PHASE_STRIP = NO;
				DEBUG_INFORMATION_FORMAT = "dwarf-with-dsym";
				ENABLE_NS_ASSERTIONS = NO;
				ENABLE_STRICT_OBJC_MSGSEND = YES;
				GCC_C_LANGUAGE_STANDARD = gnu11;
				GCC_NO_COMMON_BLOCKS = YES;
				GCC_WARN_64_TO_32_BIT_CONVERSION = YES;
				GCC_WARN_ABOUT_RETURN_TYPE = YES_ERROR;
				GCC_WARN_UNDECLARED_SELECTOR = YES;
				GCC_WARN_UNINITIALIZED_AUTOS = YES_AGGRESSIVE;
				GCC_WARN_UNUSED_FUNCTION = YES;
				GCC_WARN_UNUSED_VARIABLE = YES;
				IPHONEOS_DEPLOYMENT_TARGET = 14.5;
				MTL_ENABLE_DEBUG_INFO = NO;
				MTL_FAST_MATH = YES;
				SDKROOT = iphoneos;
				SWIFT_COMPILATION_MODE = wholemodule;
				SWIFT_OPTIMIZATION_LEVEL = "-O";
				VALIDATE_PRODUCT = YES;
			};
			name = Release;
		};
		05DF8225268D9B20007511AC /* Debug */ = {
			isa = XCBuildConfiguration;
			buildSettings = {
				ASSETCATALOG_COMPILER_APPICON_NAME = AppIcon;
				ASSETCATALOG_COMPILER_GLOBAL_ACCENT_COLOR_NAME = AccentColor;
				CODE_SIGN_STYLE = Automatic;
				DEVELOPMENT_TEAM = SRLJGKBKVT;
				INFOPLIST_FILE = "Egg Timer/Info.plist";
				LD_RUNPATH_SEARCH_PATHS = (
					"$(inherited)",
					"@executable_path/Frameworks",
				);
				PRODUCT_BUNDLE_IDENTIFIER = "com.sasidhar.Egg-Timer";
				PRODUCT_NAME = "$(TARGET_NAME)";
				SWIFT_VERSION = 5.0;
				TARGETED_DEVICE_FAMILY = "1,2";
			};
			name = Debug;
		};
		05DF8226268D9B20007511AC /* Release */ = {
			isa = XCBuildConfiguration;
			buildSettings = {
				ASSETCATALOG_COMPILER_APPICON_NAME = AppIcon;
				ASSETCATALOG_COMPILER_GLOBAL_ACCENT_COLOR_NAME = AccentColor;
				CODE_SIGN_STYLE = Automatic;
				DEVELOPMENT_TEAM = SRLJGKBKVT;
				INFOPLIST_FILE = "Egg Timer/Info.plist";
				LD_RUNPATH_SEARCH_PATHS = (
					"$(inherited)",
					"@executable_path/Frameworks",
				);
				PRODUCT_BUNDLE_IDENTIFIER = "com.sasidhar.Egg-Timer";
				PRODUCT_NAME = "$(TARGET_NAME)";
				SWIFT_VERSION = 5.0;
				TARGETED_DEVICE_FAMILY = "1,2";
			};
			name = Release;
		};
		05DF8228268D9B20007511AC /* Debug */ = {
			isa = XCBuildConfiguration;
			buildSettings = {
				ALWAYS_EMBED_SWIFT_STANDARD_LIBRARIES = YES;
				BUNDLE_LOADER = "$(TEST_HOST)";
				CODE_SIGN_STYLE = Automatic;
				DEVELOPMENT_TEAM = SRLJGKBKVT;
				INFOPLIST_FILE = "Egg TimerTests/Info.plist";
				IPHONEOS_DEPLOYMENT_TARGET = 14.5;
				LD_RUNPATH_SEARCH_PATHS = (
					"$(inherited)",
					"@executable_path/Frameworks",
					"@loader_path/Frameworks",
				);
				PRODUCT_BUNDLE_IDENTIFIER = "com.sasidhar.Egg-TimerTests";
				PRODUCT_NAME = "$(TARGET_NAME)";
				SWIFT_VERSION = 5.0;
				TARGETED_DEVICE_FAMILY = "1,2";
				TEST_HOST = "$(BUILT_PRODUCTS_DIR)/Egg Timer.app/Egg Timer";
			};
			name = Debug;
		};
		05DF8229268D9B20007511AC /* Release */ = {
			isa = XCBuildConfiguration;
			buildSettings = {
				ALWAYS_EMBED_SWIFT_STANDARD_LIBRARIES = YES;
				BUNDLE_LOADER = "$(TEST_HOST)";
				CODE_SIGN_STYLE = Automatic;
				DEVELOPMENT_TEAM = SRLJGKBKVT;
				INFOPLIST_FILE = "Egg TimerTests/Info.plist";
				IPHONEOS_DEPLOYMENT_TARGET = 14.5;
				LD_RUNPATH_SEARCH_PATHS = (
					"$(inherited)",
					"@executable_path/Frameworks",
					"@loader_path/Frameworks",
				);
				PRODUCT_BUNDLE_IDENTIFIER = "com.sasidhar.Egg-TimerTests";
				PRODUCT_NAME = "$(TARGET_NAME)";
				SWIFT_VERSION = 5.0;
				TARGETED_DEVICE_FAMILY = "1,2";
				TEST_HOST = "$(BUILT_PRODUCTS_DIR)/Egg Timer.app/Egg Timer";
			};
			name = Release;
		};
		05DF822B268D9B20007511AC /* Debug */ = {
			isa = XCBuildConfiguration;
			buildSettings = {
				ALWAYS_EMBED_SWIFT_STANDARD_LIBRARIES = YES;
				CODE_SIGN_STYLE = Automatic;
				DEVELOPMENT_TEAM = SRLJGKBKVT;
				INFOPLIST_FILE = "Egg TimerUITests/Info.plist";
				LD_RUNPATH_SEARCH_PATHS = (
					"$(inherited)",
					"@executable_path/Frameworks",
					"@loader_path/Frameworks",
				);
				PRODUCT_BUNDLE_IDENTIFIER = "com.sasidhar.Egg-TimerUITests";
				PRODUCT_NAME = "$(TARGET_NAME)";
				SWIFT_VERSION = 5.0;
				TARGETED_DEVICE_FAMILY = "1,2";
				TEST_TARGET_NAME = "Egg Timer";
			};
			name = Debug;
		};
		05DF822C268D9B20007511AC /* Release */ = {
			isa = XCBuildConfiguration;
			buildSettings = {
				ALWAYS_EMBED_SWIFT_STANDARD_LIBRARIES = YES;
				CODE_SIGN_STYLE = Automatic;
				DEVELOPMENT_TEAM = SRLJGKBKVT;
				INFOPLIST_FILE = "Egg TimerUITests/Info.plist";
				LD_RUNPATH_SEARCH_PATHS = (
					"$(inherited)",
					"@executable_path/Frameworks",
					"@loader_path/Frameworks",
				);
				PRODUCT_BUNDLE_IDENTIFIER = "com.sasidhar.Egg-TimerUITests";
				PRODUCT_NAME = "$(TARGET_NAME)";
				SWIFT_VERSION = 5.0;
				TARGETED_DEVICE_FAMILY = "1,2";
				TEST_TARGET_NAME = "Egg Timer";
			};
			name = Release;
		};
/* End XCBuildConfiguration section */

/* Begin XCConfigurationList section */
		05DF81F5268D9B1F007511AC /* Build configuration list for PBXProject "Egg Timer" */ = {
			isa = XCConfigurationList;
			buildConfigurations = (
				05DF8222268D9B20007511AC /* Debug */,
				05DF8223268D9B20007511AC /* Release */,
			);
			defaultConfigurationIsVisible = 0;
			defaultConfigurationName = Release;
		};
		05DF8224268D9B20007511AC /* Build configuration list for PBXNativeTarget "Egg Timer" */ = {
			isa = XCConfigurationList;
			buildConfigurations = (
				05DF8225268D9B20007511AC /* Debug */,
				05DF8226268D9B20007511AC /* Release */,
			);
			defaultConfigurationIsVisible = 0;
			defaultConfigurationName = Release;
		};
		05DF8227268D9B20007511AC /* Build configuration list for PBXNativeTarget "Egg TimerTests" */ = {
			isa = XCConfigurationList;
			buildConfigurations = (
				05DF8228268D9B20007511AC /* Debug */,
				05DF8229268D9B20007511AC /* Release */,
			);
			defaultConfigurationIsVisible = 0;
			defaultConfigurationName = Release;
		};
		05DF822A268D9B20007511AC /* Build configuration list for PBXNativeTarget "Egg TimerUITests" */ = {
			isa = XCConfigurationList;
			buildConfigurations = (
				05DF822B268D9B20007511AC /* Debug */,
				05DF822C268D9B20007511AC /* Release */,
			);
			defaultConfigurationIsVisible = 0;
			defaultConfigurationName = Release;
		};
/* End XCConfigurationList section */
	};
	rootObject = 05DF81F2268D9B1F007511AC /* Project object */;
}
